
Microsoft Visual Studio Solution File, Format Version 12.00
# Visual Studio 15
VisualStudioVersion = 15.0.26730.16
MinimumVisualStudioVersion = 10.0.40219.1
Project("{8BC9CEB8-8B4A-11D0-8D11-00A0C91BC942}") = "Parallel", "Parallel.vcxproj", "{05D50835-5106-478F-9F86-000000000001}"
EndProject
Project("{8BC9CEB8-8B4A-11D0-8D11-00A0C91BC942}") = "Logger", "Logger.vcxproj", "{05D50835-5106-478F-9F86-000000000002}"
EndProject
Project("{8BC9CEB8-8B4A-11D0-8D11-00A0C91BC942}") = "PRNG", "PRNG.vcxproj", "{05D50835-5106-478F-9F86-000000000003}"
EndProject
Project("{8BC9CEB8-8B4A-11D0-8D11-00A0C91BC942}") = "BitShift", "..\BitShift\BitShift\BitShift.vcxproj", "{52896AFC-7A3C-4B6D-AC79-993BEA008AA8}"
EndProject
Project("{8BC9CEB8-8B4A-11D0-8D11-00A0C91BC942}") = "FizzBuzz", "..\FizzBuzz\FizzBuzz.vcxproj", "{6D5AF8D6-762C-4401-9360-039B9CDE5A15}"
EndProject
Global
	GlobalSection(SolutionConfigurationPlatforms) = preSolution
		Debug|x64 = Debug|x64
		Debug|x86 = Debug|x86
		Release|x64 = Release|x64
		Release|x86 = Release|x86
	EndGlobalSection
	GlobalSection(ProjectConfigurationPlatforms) = postSolution
		{05D50835-5106-478F-9F86-000000000001}.Debug|x64.ActiveCfg = Debug|x64
		{05D50835-5106-478F-9F86-000000000001}.Debug|x64.Build.0 = Debug|x64
		{05D50835-5106-478F-9F86-000000000001}.Debug|x86.ActiveCfg = Debug|Win32
		{05D50835-5106-478F-9F86-000000000001}.Debug|x86.Build.0 = Debug|Win32
		{05D50835-5106-478F-9F86-000000000001}.Release|x64.ActiveCfg = Release|x64
		{05D50835-5106-478F-9F86-000000000001}.Release|x64.Build.0 = Release|x64
		{05D50835-5106-478F-9F86-000000000001}.Release|x86.ActiveCfg = Release|Win32
		{05D50835-5106-478F-9F86-000000000001}.Release|x86.Build.0 = Release|Win32
		{05D50835-5106-478F-9F86-000000000002}.Debug|x64.ActiveCfg = Debug|x64
		{05D50835-5106-478F-9F86-000000000002}.Debug|x64.Build.0 = Debug|x64
		{05D50835-5106-478F-9F86-000000000002}.Debug|x86.ActiveCfg = Debug|Win32
		{05D50835-5106-478F-9F86-000000000002}.Debug|x86.Build.0 = Debug|Win32
		{05D50835-5106-478F-9F86-000000000002}.Release|x64.ActiveCfg = Release|x64
		{05D50835-5106-478F-9F86-000000000002}.Release|x64.Build.0 = Release|x64
		{05D50835-5106-478F-9F86-000000000002}.Release|x86.ActiveCfg = Release|Win32
		{05D50835-5106-478F-9F86-000000000002}.Release|x86.Build.0 = Release|Win32
		{05D50835-5106-478F-9F86-000000000003}.Debug|x64.ActiveCfg = Debug|x64
		{05D50835-5106-478F-9F86-000000000003}.Debug|x64.Build.0 = Debug|x64
		{05D50835-5106-478F-9F86-000000000003}.Debug|x86.ActiveCfg = Debug|Win32
		{05D50835-5106-478F-9F86-000000000003}.Debug|x86.Build.0 = Debug|Win32
		{05D50835-5106-478F-9F86-000000000003}.Release|x64.ActiveCfg = Release|x64
		{05D50835-5106-478F-9F86-000000000003}.Release|x64.Build.0 = Release|x64
		{05D50835-5106-478F-9F86-000000000003}.Release|x86.ActiveCfg = Release|Win32
		{05D50835-5106-478F-9F86-000000000003}.Release|x86.Build.0 = Release|Win32
		{52896AFC-7A3C-4B6D-AC79-993BEA008AA8}.Debug|x64.ActiveCfg = Debug|x64
		{52896AFC-7A3C-4B6D-AC79-993BEA008AA8}.Debug|x64.Build.0 = Debug|x64
		{52896AFC-7A3C-4B6D-AC79-993BEA008AA8}.Debug|x86.ActiveCfg = Debug|Win32
		{52896AFC-7A3C-4B6D-AC79-993BEA008AA8}.Debug|x86.Build.0 = Debug|Win32
		{52896AFC-7A3C-4B6D-AC79-993BEA008AA8}.Release|x64.ActiveCfg = Release|x64
		{52896AFC-7A3C-4B6D-AC79-993BEA008AA8}.Release|x64.Build.0 = Release|x64
		{52896AFC-7A3C-4B6D-AC79-993BEA008AA8}.Release|x86.ActiveCfg = Release|Win32
		{52896AFC-7A3C-4B6D-AC79-993BEA008AA8}.Release|x86.Build.0 = Release|Win32
		{6D5AF8D6-762C-4401-9360-039B9CDE5A15}.Debug|x64.ActiveCfg = Debug|x64
		{6D5AF8D6-762C-4401-9360-039B9CDE5A15}.Debug|x64.Build.0 = Debug|x64
		{6D5AF8D6-762C-4401-9360-039B9CDE5A15}.Debug|x86.ActiveCfg = Debug|Win32
		{6D5AF8D6-762C-4401-9360-039B9CDE5A15}.Debug|x86.Build.0 = Debug|Win32
		{6D5AF8D6-762C-4401-9360-039B9CDE5A15}.Release|x64.ActiveCfg = Release|x64
		{6D5AF8D6-762C-4401-9360-039B9CDE5A15}.Release|x64.Build.0 = Release|x64
		{6D5AF8D6-762C-4401-9360-039B9CDE5A15}.Release|x86.ActiveCfg = Release|Win32
		{6D5AF8D6-762C-4401-9360-039B9CDE5A15}.Release|x86.Build.0 = Release|Win32
	EndGlobalSection
	GlobalSection(SolutionProperties) = preSolution
		HideSolutionNode = FALSE
	EndGlobalSection
	GlobalSection(ExtensibilityGlobals) = postSolution
		SolutionGuid = {0572F18C-A748-4746-9570-EB4D04331C99}
	EndGlobalSection
EndGlobal
